<Solution>
  <Folder Name="/Solution Items/">
    <File Path=".editorconfig" />
    <File Path=".gitattributes" />
    <File Path=".gitignore" />
    <File Path="AGENTS.md" />
    <File Path="Analyzers.ruleset" />
    <File Path="CLAUDE.md" />
    <File Path="Directory.Build.props" />
    <File Path="Directory.Build.targets" />
    <File Path="Mofucat.TcpService.sln.DotSettings" />
    <File Path="LICENSE" />
    <File Path="README.md" />
  </Folder>
  <Folder Name="/Library/">
    <Project Path="Mofucat.TcpService/Mofucat.TcpService.csproj" />
  </Folder>
  <Folder Name="/Example/">
    <Project Path="Example.Client/Example.Client.csproj" />
    <Project Path="Example/Example.csproj" />
  </Folder>
</Solution>
